
Microsoft Visual Studio Solution File, Format Version 12.00
# Visual Studio Version 16
VisualStudioVersion = 16.0.31129.286
MinimumVisualStudioVersion = 10.0.40219.1
Project("{FAE04EC0-301F-11D3-BF4B-00C04F79EFBC}") = "App.API", "App.API\App.API.csproj", "{D3BE7416-B4BF-42BE-9323-582B6A747226}"
EndProject
Project("{FAE04EC0-301F-11D3-BF4B-00C04F79EFBC}") = "App.Domain", "App.Domain\App.Domain.csproj", "{08CD1A34-3109-43D1-853E-474EE52E0818}"
EndProject
Project("{FAE04EC0-301F-11D3-BF4B-00C04F79EFBC}") = "App.Infrastructure", "App.Infrastructure\App.Infrastructure.csproj", "{FBBC7E64-1833-434D-AF5D-18A5AE89A9F8}"
EndProject
Global
	GlobalSection(SolutionConfigurationPlatforms) = preSolution
		Debug|Any CPU = Debug|Any CPU
		Release|Any CPU = Release|Any CPU
	EndGlobalSection
	GlobalSection(ProjectConfigurationPlatforms) = postSolution
		{D3BE7416-B4BF-42BE-9323-582B6A747226}.Debug|Any CPU.ActiveCfg = Debug|Any CPU
		{D3BE7416-B4BF-42BE-9323-582B6A747226}.Debug|Any CPU.Build.0 = Debug|Any CPU
		{D3BE7416-B4BF-42BE-9323-582B6A747226}.Release|Any CPU.ActiveCfg = Release|Any CPU
		{D3BE7416-B4BF-42BE-9323-582B6A747226}.Release|Any CPU.Build.0 = Release|Any CPU
		{08CD1A34-3109-43D1-853E-474EE52E0818}.Debug|Any CPU.ActiveCfg = Debug|Any CPU
		{08CD1A34-3109-43D1-853E-474EE52E0818}.Debug|Any CPU.Build.0 = Debug|Any CPU
		{08CD1A34-3109-43D1-853E-474EE52E0818}.Release|Any CPU.ActiveCfg = Release|Any CPU
		{08CD1A34-3109-43D1-853E-474EE52E0818}.Release|Any CPU.Build.0 = Release|Any CPU
		{FBBC7E64-1833-434D-AF5D-18A5AE89A9F8}.Debug|Any CPU.ActiveCfg = Debug|Any CPU
		{FBBC7E64-1833-434D-AF5D-18A5AE89A9F8}.Debug|Any CPU.Build.0 = Debug|Any CPU
		{FBBC7E64-1833-434D-AF5D-18A5AE89A9F8}.Release|Any CPU.ActiveCfg = Release|Any CPU
		{FBBC7E64-1833-434D-AF5D-18A5AE89A9F8}.Release|Any CPU.Build.0 = Release|Any CPU
	EndGlobalSection
	GlobalSection(SolutionProperties) = preSolution
		HideSolutionNode = FALSE
	EndGlobalSection
	GlobalSection(ExtensibilityGlobals) = postSolution
		SolutionGuid = {E2A17571-9A5F-49E7-857F-21AB53317483}
	EndGlobalSection
EndGlobal
